
Microsoft Visual Studio Solution File, Format Version 12.00
# Visual Studio Version 16
VisualStudioVersion = 16.0.31205.134
MinimumVisualStudioVersion = 10.0.40219.1
Project("{FAE04EC0-301F-11D3-BF4B-00C04F79EFBC}") = "SampleMVCWebApp", "SampleMVCWebApp\SampleMVCWebApp.csproj", "{1DDA6BD4-D550-406C-980B-EC7E9F8A304E}"
EndProject
Global
	GlobalSection(SolutionConfigurationPlatforms) = preSolution
		Debug|Any CPU = Debug|Any CPU
		Release|Any CPU = Release|Any CPU
	EndGlobalSection
	GlobalSection(ProjectConfigurationPlatforms) = postSolution
		{1DDA6BD4-D550-406C-980B-EC7E9F8A304E}.Debug|Any CPU.ActiveCfg = Debug|Any CPU
		{1DDA6BD4-D550-406C-980B-EC7E9F8A304E}.Debug|Any CPU.Build.0 = Debug|Any CPU
		{1DDA6BD4-D550-406C-980B-EC7E9F8A304E}.Release|Any CPU.ActiveCfg = Release|Any CPU
		{1DDA6BD4-D550-406C-980B-EC7E9F8A304E}.Release|Any CPU.Build.0 = Release|Any CPU
	EndGlobalSection
	GlobalSection(SolutionProperties) = preSolution
		HideSolutionNode = FALSE
	EndGlobalSection
	GlobalSection(ExtensibilityGlobals) = postSolution
		SolutionGuid = {D852BD7A-1FEF-45E7-B91A-B0D62210F206}
	EndGlobalSection
EndGlobal
